
Microsoft Visual Studio Solution File, Format Version 12.00
Project("{FAE04EC0-301F-11D3-BF4B-00C04F79EFBC}") = "ConsoleApp1.1.1", "ConsoleApp1.1.1\ConsoleApp1.1.1.csproj", "{6477AB46-F1A8-45F3-BE2F-27C4B79AF064}"
EndProject
Project("{FAE04EC0-301F-11D3-BF4B-00C04F79EFBC}") = "ConsoleApp1.1.2", "ConsoleApp1.1.2\ConsoleApp1.1.2.csproj", "{F31CE5AA-7BF1-4D63-8C18-409FF828FDB8}"
EndProject
Project("{FAE04EC0-301F-11D3-BF4B-00C04F79EFBC}") = "ConsoleApp1.1.3", "ConsoleApp1.1.3\ConsoleApp1.1.3.csproj", "{A4D2C704-0907-418D-A396-B0E43216C91C}"
EndProject
Project("{FAE04EC0-301F-11D3-BF4B-00C04F79EFBC}") = "ConsoleApp1.1.4", "ConsoleApp1.1.4\ConsoleApp1.1.4.csproj", "{D9EAC7F1-8C97-4B6B-9A1E-04C538688F8C}"
EndProject
Project("{FAE04EC0-301F-11D3-BF4B-00C04F79EFBC}") = "ConsoleApp1.1.5", "ConsoleApp1.1.5\ConsoleApp1.1.5.csproj", "{01B898B7-11AC-4A56-8D18-B172B07F5EB8}"
EndProject
Global
	GlobalSection(SolutionConfigurationPlatforms) = preSolution
		Debug|Any CPU = Debug|Any CPU
		Release|Any CPU = Release|Any CPU
	EndGlobalSection
	GlobalSection(ProjectConfigurationPlatforms) = postSolution
		{6477AB46-F1A8-45F3-BE2F-27C4B79AF064}.Debug|Any CPU.ActiveCfg = Debug|Any CPU
		{6477AB46-F1A8-45F3-BE2F-27C4B79AF064}.Debug|Any CPU.Build.0 = Debug|Any CPU
		{6477AB46-F1A8-45F3-BE2F-27C4B79AF064}.Release|Any CPU.ActiveCfg = Release|Any CPU
		{6477AB46-F1A8-45F3-BE2F-27C4B79AF064}.Release|Any CPU.Build.0 = Release|Any CPU
		{F31CE5AA-7BF1-4D63-8C18-409FF828FDB8}.Debug|Any CPU.ActiveCfg = Debug|Any CPU
		{F31CE5AA-7BF1-4D63-8C18-409FF828FDB8}.Debug|Any CPU.Build.0 = Debug|Any CPU
		{F31CE5AA-7BF1-4D63-8C18-409FF828FDB8}.Release|Any CPU.ActiveCfg = Release|Any CPU
		{F31CE5AA-7BF1-4D63-8C18-409FF828FDB8}.Release|Any CPU.Build.0 = Release|Any CPU
		{A4D2C704-0907-418D-A396-B0E43216C91C}.Debug|Any CPU.ActiveCfg = Debug|Any CPU
		{A4D2C704-0907-418D-A396-B0E43216C91C}.Debug|Any CPU.Build.0 = Debug|Any CPU
		{A4D2C704-0907-418D-A396-B0E43216C91C}.Release|Any CPU.ActiveCfg = Release|Any CPU
		{A4D2C704-0907-418D-A396-B0E43216C91C}.Release|Any CPU.Build.0 = Release|Any CPU
		{D9EAC7F1-8C97-4B6B-9A1E-04C538688F8C}.Debug|Any CPU.ActiveCfg = Debug|Any CPU
		{D9EAC7F1-8C97-4B6B-9A1E-04C538688F8C}.Debug|Any CPU.Build.0 = Debug|Any CPU
		{D9EAC7F1-8C97-4B6B-9A1E-04C538688F8C}.Release|Any CPU.ActiveCfg = Release|Any CPU
		{D9EAC7F1-8C97-4B6B-9A1E-04C538688F8C}.Release|Any CPU.Build.0 = Release|Any CPU
		{01B898B7-11AC-4A56-8D18-B172B07F5EB8}.Debug|Any CPU.ActiveCfg = Debug|Any CPU
		{01B898B7-11AC-4A56-8D18-B172B07F5EB8}.Debug|Any CPU.Build.0 = Debug|Any CPU
		{01B898B7-11AC-4A56-8D18-B172B07F5EB8}.Release|Any CPU.ActiveCfg = Release|Any CPU
		{01B898B7-11AC-4A56-8D18-B172B07F5EB8}.Release|Any CPU.Build.0 = Release|Any CPU
	EndGlobalSection
EndGlobal
